
Microsoft Visual Studio Solution File, Format Version 12.00
# Visual Studio Version 17
VisualStudioVersion = 17.2.32526.322
MinimumVisualStudioVersion = 10.0.40219.1
Project("{FAE04EC0-301F-11D3-BF4B-00C04F79EFBC}") = "SpiderWeb.FrontEnd", "SpiderWeb.FrontEnd\SpiderWeb.FrontEnd.csproj", "{45945FFD-47B1-425F-A231-9EDA978D75B6}"
EndProject
Project("{FAE04EC0-301F-11D3-BF4B-00C04F79EFBC}") = "SpiderWeb.LicensingApi", "SpiderWeb.LicensingApi\SpiderWeb.LicensingApi.csproj", "{AA03944B-9C63-40AD-99DF-326AA30478E4}"
EndProject
Global
	GlobalSection(SolutionConfigurationPlatforms) = preSolution
		Debug|Any CPU = Debug|Any CPU
		Release|Any CPU = Release|Any CPU
	EndGlobalSection
	GlobalSection(ProjectConfigurationPlatforms) = postSolution
		{45945FFD-47B1-425F-A231-9EDA978D75B6}.Debug|Any CPU.ActiveCfg = Debug|Any CPU
		{45945FFD-47B1-425F-A231-9EDA978D75B6}.Debug|Any CPU.Build.0 = Debug|Any CPU
		{45945FFD-47B1-425F-A231-9EDA978D75B6}.Release|Any CPU.ActiveCfg = Release|Any CPU
		{45945FFD-47B1-425F-A231-9EDA978D75B6}.Release|Any CPU.Build.0 = Release|Any CPU
		{AA03944B-9C63-40AD-99DF-326AA30478E4}.Debug|Any CPU.ActiveCfg = Debug|Any CPU
		{AA03944B-9C63-40AD-99DF-326AA30478E4}.Debug|Any CPU.Build.0 = Debug|Any CPU
		{AA03944B-9C63-40AD-99DF-326AA30478E4}.Release|Any CPU.ActiveCfg = Release|Any CPU
		{AA03944B-9C63-40AD-99DF-326AA30478E4}.Release|Any CPU.Build.0 = Release|Any CPU
	EndGlobalSection
	GlobalSection(SolutionProperties) = preSolution
		HideSolutionNode = FALSE
	EndGlobalSection
	GlobalSection(ExtensibilityGlobals) = postSolution
		SolutionGuid = {A63EF107-303D-4114-9323-B4B8F3B3896B}
	EndGlobalSection
EndGlobal
